<?xml version="1.0" encoding="utf-8"?>
<Project ToolsVersion="4.0" xmlns="http://schemas.microsoft.com/developer/msbuild/2003">
  <ItemGroup>
    <Filter Include="imgui">
      <UniqueIdentifier>{20b90ce4-7fcb-4731-b9a0-075f875de82d}</UniqueIdentifier>
    </Filter>
    <Filter Include="sources">
      <UniqueIdentifier>{f18ab499-84e1-499f-8eff-9754361e0e52}</UniqueIdentifier>
      <Extensions>cpp;c;cc;cxx;def;odl;idl;hpj;bat;asm;asmx</Extensions>
    </Filter>
  </ItemGroup>
  <ItemGroup>
    <ClCompile Include="src\main.cpp">
      <Filter>sources</Filter>
    </ClCompile>
    <ClCompile Include="src\ImGUI\imgui.cpp">
      <Filter>sources</Filter>
    </ClCompile>
    <ClCompile Include="src\ImGUI\imgui_demo.cpp">
      <Filter>sources</Filter>
    </ClCompile>
    <ClCompile Include="src\ImGUI\imgui_draw.cpp">
      <Filter>sources</Filter>
    </ClCompile>
    <ClCompile Include="src\ImGUI\imgui_tables.cpp">
      <Filter>sources</Filter>
    </ClCompile>
    <ClCompile Include="src\ImGUI\imgui_widgets.cpp">
      <Filter>sources</Filter>
    </ClCompile>
    <ClCompile Include="src\ImGUI\imgui_impl_sdl2.cpp">
      <Filter>sources</Filter>
    </ClCompile>
    <ClCompile Include="src\ImGUI\imgui_impl_vulkan.cpp">
      <Filter>sources</Filter>
    </ClCompile>
    <ClCompile Include="src\App.cpp">
      <Filter>sources</Filter>
    </ClCompile>
  </ItemGroup>
  <ItemGroup>
    <ClInclude Include="src\ImGUI\imconfig.h" />
    <ClInclude Include="src\ImGUI\imgui.h" />
    <ClInclude Include="src\ImGUI\imgui_internal.h" />
    <ClInclude Include="src\ImGUI\imstb_rectpack.h" />
    <ClInclude Include="src\ImGUI\imstb_textedit.h" />
    <ClInclude Include="src\ImGUI\imstb_truetype.h" />
    <ClInclude Include="src\ImGUI\imgui_impl_sdl2.h" />
    <ClInclude Include="src\ImGUI\imgui_impl_vulkan.h" />
    <ClInclude Include="src\nlohmann\json.hpp" />
    <ClInclude Include="src\App.h" />
  </ItemGroup>
</Project>